
Microsoft Visual Studio Solution File, Format Version 12.00
# Visual Studio Version 16
VisualStudioVersion = 16.0.30114.105
MinimumVisualStudioVersion = 10.0.40219.1
Project("{FAE04EC0-301F-11D3-BF4B-00C04F79EFBC}") = "CabMediaService", "CabMediaService\CabMediaService.csproj", "{1BCFE1C8-8944-47EC-9B94-05590443A58B}"
EndProject
Project("{FAE04EC0-301F-11D3-BF4B-00C04F79EFBC}") = "CabMediaService.Tests", "CabMediaService.Tests\CabMediaService.Tests.csproj", "{AF6615AB-9F27-467B-AD64-1EBD5A87EEA4}"
EndProject
Project("{2150E333-8FDC-42A3-9474-1A3956D46DE8}") = "BuildingBlocks", "BuildingBlocks", "{B8EE0AF6-83EE-4A2E-B117-4556B9B905E3}"
EndProject
Project("{2150E333-8FDC-42A3-9474-1A3956D46DE8}") = "EventBus", "EventBus", "{0B173ECD-908B-4F60-A414-1EAFB66D1EC4}"
EndProject
Project("{FAE04EC0-301F-11D3-BF4B-00C04F79EFBC}") = "EventBus", "BuildingBlocks\EventBus\EventBus\EventBus.csproj", "{8E506D13-3865-4645-925D-543E367AFF39}"
EndProject
Project("{FAE04EC0-301F-11D3-BF4B-00C04F79EFBC}") = "EventBusRabbitMQ", "BuildingBlocks\EventBus\EventBusRabbitMQ\EventBusRabbitMQ.csproj", "{EAF2D46F-8711-49FD-B6FC-ED74DB0E5598}"
EndProject
Project("{FAE04EC0-301F-11D3-BF4B-00C04F79EFBC}") = "EventBusRegistration", "BuildingBlocks\EventBus\EventBusRegistration\EventBusRegistration.csproj", "{21C018E5-053D-493C-8147-7B500CEDD658}"
EndProject
Project("{FAE04EC0-301F-11D3-BF4B-00C04F79EFBC}") = "EventBusServiceBus", "BuildingBlocks\EventBus\EventBusServiceBus\EventBusServiceBus.csproj", "{6E989CD8-CCBF-4F5E-8FA2-99A4BED4A3BA}"
EndProject
Project("{FAE04EC0-301F-11D3-BF4B-00C04F79EFBC}") = "IntegrationEventLogEF", "BuildingBlocks\EventBus\IntegrationEventLogEF\IntegrationEventLogEF.csproj", "{5B9B33C1-FAC7-4C2E-BB7C-020FAE42F115}"
EndProject
Project("{FAE04EC0-301F-11D3-BF4B-00C04F79EFBC}") = "WebHost.Customization", "BuildingBlocks\WebHost.Customization\WebHost.Customization.csproj", "{635F815E-F2E8-4D3F-B90B-BB1A71E1EA60}"
EndProject
Global
	GlobalSection(SolutionConfigurationPlatforms) = preSolution
		Debug|Any CPU = Debug|Any CPU
		Debug|x64 = Debug|x64
		Debug|x86 = Debug|x86
		Release|Any CPU = Release|Any CPU
		Release|x64 = Release|x64
		Release|x86 = Release|x86
	EndGlobalSection
	GlobalSection(SolutionProperties) = preSolution
		HideSolutionNode = FALSE
	EndGlobalSection
	GlobalSection(ProjectConfigurationPlatforms) = postSolution
		{1BCFE1C8-8944-47EC-9B94-05590443A58B}.Debug|Any CPU.ActiveCfg = Debug|Any CPU
		{1BCFE1C8-8944-47EC-9B94-05590443A58B}.Debug|Any CPU.Build.0 = Debug|Any CPU
		{1BCFE1C8-8944-47EC-9B94-05590443A58B}.Debug|x64.ActiveCfg = Debug|Any CPU
		{1BCFE1C8-8944-47EC-9B94-05590443A58B}.Debug|x64.Build.0 = Debug|Any CPU
		{1BCFE1C8-8944-47EC-9B94-05590443A58B}.Debug|x86.ActiveCfg = Debug|Any CPU
		{1BCFE1C8-8944-47EC-9B94-05590443A58B}.Debug|x86.Build.0 = Debug|Any CPU
		{1BCFE1C8-8944-47EC-9B94-05590443A58B}.Release|Any CPU.ActiveCfg = Release|Any CPU
		{1BCFE1C8-8944-47EC-9B94-05590443A58B}.Release|Any CPU.Build.0 = Release|Any CPU
		{1BCFE1C8-8944-47EC-9B94-05590443A58B}.Release|x64.ActiveCfg = Release|Any CPU
		{1BCFE1C8-8944-47EC-9B94-05590443A58B}.Release|x64.Build.0 = Release|Any CPU
		{1BCFE1C8-8944-47EC-9B94-05590443A58B}.Release|x86.ActiveCfg = Release|Any CPU
		{1BCFE1C8-8944-47EC-9B94-05590443A58B}.Release|x86.Build.0 = Release|Any CPU
		{AF6615AB-9F27-467B-AD64-1EBD5A87EEA4}.Debug|Any CPU.ActiveCfg = Debug|Any CPU
		{AF6615AB-9F27-467B-AD64-1EBD5A87EEA4}.Debug|Any CPU.Build.0 = Debug|Any CPU
		{AF6615AB-9F27-467B-AD64-1EBD5A87EEA4}.Debug|x64.ActiveCfg = Debug|Any CPU
		{AF6615AB-9F27-467B-AD64-1EBD5A87EEA4}.Debug|x64.Build.0 = Debug|Any CPU
		{AF6615AB-9F27-467B-AD64-1EBD5A87EEA4}.Debug|x86.ActiveCfg = Debug|Any CPU
		{AF6615AB-9F27-467B-AD64-1EBD5A87EEA4}.Debug|x86.Build.0 = Debug|Any CPU
		{AF6615AB-9F27-467B-AD64-1EBD5A87EEA4}.Release|Any CPU.ActiveCfg = Release|Any CPU
		{AF6615AB-9F27-467B-AD64-1EBD5A87EEA4}.Release|Any CPU.Build.0 = Release|Any CPU
		{AF6615AB-9F27-467B-AD64-1EBD5A87EEA4}.Release|x64.ActiveCfg = Release|Any CPU
		{AF6615AB-9F27-467B-AD64-1EBD5A87EEA4}.Release|x64.Build.0 = Release|Any CPU
		{AF6615AB-9F27-467B-AD64-1EBD5A87EEA4}.Release|x86.ActiveCfg = Release|Any CPU
		{AF6615AB-9F27-467B-AD64-1EBD5A87EEA4}.Release|x86.Build.0 = Release|Any CPU
		{8E506D13-3865-4645-925D-543E367AFF39}.Debug|Any CPU.ActiveCfg = Debug|Any CPU
		{8E506D13-3865-4645-925D-543E367AFF39}.Debug|Any CPU.Build.0 = Debug|Any CPU
		{8E506D13-3865-4645-925D-543E367AFF39}.Debug|x64.ActiveCfg = Debug|Any CPU
		{8E506D13-3865-4645-925D-543E367AFF39}.Debug|x64.Build.0 = Debug|Any CPU
		{8E506D13-3865-4645-925D-543E367AFF39}.Debug|x86.ActiveCfg = Debug|Any CPU
		{8E506D13-3865-4645-925D-543E367AFF39}.Debug|x86.Build.0 = Debug|Any CPU
		{8E506D13-3865-4645-925D-543E367AFF39}.Release|Any CPU.ActiveCfg = Release|Any CPU
		{8E506D13-3865-4645-925D-543E367AFF39}.Release|Any CPU.Build.0 = Release|Any CPU
		{8E506D13-3865-4645-925D-543E367AFF39}.Release|x64.ActiveCfg = Release|Any CPU
		{8E506D13-3865-4645-925D-543E367AFF39}.Release|x64.Build.0 = Release|Any CPU
		{8E506D13-3865-4645-925D-543E367AFF39}.Release|x86.ActiveCfg = Release|Any CPU
		{8E506D13-3865-4645-925D-543E367AFF39}.Release|x86.Build.0 = Release|Any CPU
		{EAF2D46F-8711-49FD-B6FC-ED74DB0E5598}.Debug|Any CPU.ActiveCfg = Debug|Any CPU
		{EAF2D46F-8711-49FD-B6FC-ED74DB0E5598}.Debug|Any CPU.Build.0 = Debug|Any CPU
		{EAF2D46F-8711-49FD-B6FC-ED74DB0E5598}.Debug|x64.ActiveCfg = Debug|Any CPU
		{EAF2D46F-8711-49FD-B6FC-ED74DB0E5598}.Debug|x64.Build.0 = Debug|Any CPU
		{EAF2D46F-8711-49FD-B6FC-ED74DB0E5598}.Debug|x86.ActiveCfg = Debug|Any CPU
		{EAF2D46F-8711-49FD-B6FC-ED74DB0E5598}.Debug|x86.Build.0 = Debug|Any CPU
		{EAF2D46F-8711-49FD-B6FC-ED74DB0E5598}.Release|Any CPU.ActiveCfg = Release|Any CPU
		{EAF2D46F-8711-49FD-B6FC-ED74DB0E5598}.Release|Any CPU.Build.0 = Release|Any CPU
		{EAF2D46F-8711-49FD-B6FC-ED74DB0E5598}.Release|x64.ActiveCfg = Release|Any CPU
		{EAF2D46F-8711-49FD-B6FC-ED74DB0E5598}.Release|x64.Build.0 = Release|Any CPU
		{EAF2D46F-8711-49FD-B6FC-ED74DB0E5598}.Release|x86.ActiveCfg = Release|Any CPU
		{EAF2D46F-8711-49FD-B6FC-ED74DB0E5598}.Release|x86.Build.0 = Release|Any CPU
		{21C018E5-053D-493C-8147-7B500CEDD658}.Debug|Any CPU.ActiveCfg = Debug|Any CPU
		{21C018E5-053D-493C-8147-7B500CEDD658}.Debug|Any CPU.Build.0 = Debug|Any CPU
		{21C018E5-053D-493C-8147-7B500CEDD658}.Debug|x64.ActiveCfg = Debug|Any CPU
		{21C018E5-053D-493C-8147-7B500CEDD658}.Debug|x64.Build.0 = Debug|Any CPU
		{21C018E5-053D-493C-8147-7B500CEDD658}.Debug|x86.ActiveCfg = Debug|Any CPU
		{21C018E5-053D-493C-8147-7B500CEDD658}.Debug|x86.Build.0 = Debug|Any CPU
		{21C018E5-053D-493C-8147-7B500CEDD658}.Release|Any CPU.ActiveCfg = Release|Any CPU
		{21C018E5-053D-493C-8147-7B500CEDD658}.Release|Any CPU.Build.0 = Release|Any CPU
		{21C018E5-053D-493C-8147-7B500CEDD658}.Release|x64.ActiveCfg = Release|Any CPU
		{21C018E5-053D-493C-8147-7B500CEDD658}.Release|x64.Build.0 = Release|Any CPU
		{21C018E5-053D-493C-8147-7B500CEDD658}.Release|x86.ActiveCfg = Release|Any CPU
		{21C018E5-053D-493C-8147-7B500CEDD658}.Release|x86.Build.0 = Release|Any CPU
		{6E989CD8-CCBF-4F5E-8FA2-99A4BED4A3BA}.Debug|Any CPU.ActiveCfg = Debug|Any CPU
		{6E989CD8-CCBF-4F5E-8FA2-99A4BED4A3BA}.Debug|Any CPU.Build.0 = Debug|Any CPU
		{6E989CD8-CCBF-4F5E-8FA2-99A4BED4A3BA}.Debug|x64.ActiveCfg = Debug|Any CPU
		{6E989CD8-CCBF-4F5E-8FA2-99A4BED4A3BA}.Debug|x64.Build.0 = Debug|Any CPU
		{6E989CD8-CCBF-4F5E-8FA2-99A4BED4A3BA}.Debug|x86.ActiveCfg = Debug|Any CPU
		{6E989CD8-CCBF-4F5E-8FA2-99A4BED4A3BA}.Debug|x86.Build.0 = Debug|Any CPU
		{6E989CD8-CCBF-4F5E-8FA2-99A4BED4A3BA}.Release|Any CPU.ActiveCfg = Release|Any CPU
		{6E989CD8-CCBF-4F5E-8FA2-99A4BED4A3BA}.Release|Any CPU.Build.0 = Release|Any CPU
		{6E989CD8-CCBF-4F5E-8FA2-99A4BED4A3BA}.Release|x64.ActiveCfg = Release|Any CPU
		{6E989CD8-CCBF-4F5E-8FA2-99A4BED4A3BA}.Release|x64.Build.0 = Release|Any CPU
		{6E989CD8-CCBF-4F5E-8FA2-99A4BED4A3BA}.Release|x86.ActiveCfg = Release|Any CPU
		{6E989CD8-CCBF-4F5E-8FA2-99A4BED4A3BA}.Release|x86.Build.0 = Release|Any CPU
		{5B9B33C1-FAC7-4C2E-BB7C-020FAE42F115}.Debug|Any CPU.ActiveCfg = Debug|Any CPU
		{5B9B33C1-FAC7-4C2E-BB7C-020FAE42F115}.Debug|Any CPU.Build.0 = Debug|Any CPU
		{5B9B33C1-FAC7-4C2E-BB7C-020FAE42F115}.Debug|x64.ActiveCfg = Debug|Any CPU
		{5B9B33C1-FAC7-4C2E-BB7C-020FAE42F115}.Debug|x64.Build.0 = Debug|Any CPU
		{5B9B33C1-FAC7-4C2E-BB7C-020FAE42F115}.Debug|x86.ActiveCfg = Debug|Any CPU
		{5B9B33C1-FAC7-4C2E-BB7C-020FAE42F115}.Debug|x86.Build.0 = Debug|Any CPU
		{5B9B33C1-FAC7-4C2E-BB7C-020FAE42F115}.Release|Any CPU.ActiveCfg = Release|Any CPU
		{5B9B33C1-FAC7-4C2E-BB7C-020FAE42F115}.Release|Any CPU.Build.0 = Release|Any CPU
		{5B9B33C1-FAC7-4C2E-BB7C-020FAE42F115}.Release|x64.ActiveCfg = Release|Any CPU
		{5B9B33C1-FAC7-4C2E-BB7C-020FAE42F115}.Release|x64.Build.0 = Release|Any CPU
		{5B9B33C1-FAC7-4C2E-BB7C-020FAE42F115}.Release|x86.ActiveCfg = Release|Any CPU
		{5B9B33C1-FAC7-4C2E-BB7C-020FAE42F115}.Release|x86.Build.0 = Release|Any CPU
		{635F815E-F2E8-4D3F-B90B-BB1A71E1EA60}.Debug|Any CPU.ActiveCfg = Debug|Any CPU
		{635F815E-F2E8-4D3F-B90B-BB1A71E1EA60}.Debug|Any CPU.Build.0 = Debug|Any CPU
		{635F815E-F2E8-4D3F-B90B-BB1A71E1EA60}.Debug|x64.ActiveCfg = Debug|Any CPU
		{635F815E-F2E8-4D3F-B90B-BB1A71E1EA60}.Debug|x64.Build.0 = Debug|Any CPU
		{635F815E-F2E8-4D3F-B90B-BB1A71E1EA60}.Debug|x86.ActiveCfg = Debug|Any CPU
		{635F815E-F2E8-4D3F-B90B-BB1A71E1EA60}.Debug|x86.Build.0 = Debug|Any CPU
		{635F815E-F2E8-4D3F-B90B-BB1A71E1EA60}.Release|Any CPU.ActiveCfg = Release|Any CPU
		{635F815E-F2E8-4D3F-B90B-BB1A71E1EA60}.Release|Any CPU.Build.0 = Release|Any CPU
		{635F815E-F2E8-4D3F-B90B-BB1A71E1EA60}.Release|x64.ActiveCfg = Release|Any CPU
		{635F815E-F2E8-4D3F-B90B-BB1A71E1EA60}.Release|x64.Build.0 = Release|Any CPU
		{635F815E-F2E8-4D3F-B90B-BB1A71E1EA60}.Release|x86.ActiveCfg = Release|Any CPU
		{635F815E-F2E8-4D3F-B90B-BB1A71E1EA60}.Release|x86.Build.0 = Release|Any CPU
	EndGlobalSection
	GlobalSection(NestedProjects) = preSolution
		{0B173ECD-908B-4F60-A414-1EAFB66D1EC4} = {B8EE0AF6-83EE-4A2E-B117-4556B9B905E3}
		{8E506D13-3865-4645-925D-543E367AFF39} = {0B173ECD-908B-4F60-A414-1EAFB66D1EC4}
		{EAF2D46F-8711-49FD-B6FC-ED74DB0E5598} = {0B173ECD-908B-4F60-A414-1EAFB66D1EC4}
		{21C018E5-053D-493C-8147-7B500CEDD658} = {0B173ECD-908B-4F60-A414-1EAFB66D1EC4}
		{6E989CD8-CCBF-4F5E-8FA2-99A4BED4A3BA} = {0B173ECD-908B-4F60-A414-1EAFB66D1EC4}
		{5B9B33C1-FAC7-4C2E-BB7C-020FAE42F115} = {0B173ECD-908B-4F60-A414-1EAFB66D1EC4}
		{635F815E-F2E8-4D3F-B90B-BB1A71E1EA60} = {B8EE0AF6-83EE-4A2E-B117-4556B9B905E3}
	EndGlobalSection
EndGlobal
