
Microsoft Visual Studio Solution File, Format Version 12.00
# Visual Studio Version 17
VisualStudioVersion = 17.3.32929.385
MinimumVisualStudioVersion = 10.0.40219.1
Project("{2150E333-8FDC-42A3-9474-1A3956D46DE8}") = "BuildingBlocks", "BuildingBlocks", "{DBD9943D-4BD8-4248-A388-7E6385B1BCBB}"
EndProject
Project("{2150E333-8FDC-42A3-9474-1A3956D46DE8}") = "EventBus", "EventBus", "{0C9B18EC-6EBA-4A53-96AC-EAF2883B9A57}"
EndProject
Project("{2150E333-8FDC-42A3-9474-1A3956D46DE8}") = "EventBus", "EventBus", "{C1DDAB36-C3C9-4956-A3B3-0328D207920D}"
EndProject
Project("{2150E333-8FDC-42A3-9474-1A3956D46DE8}") = "EventBusRabbitMQ", "EventBusRabbitMQ", "{C4B29CBD-32DF-4D10-A76C-62333368231D}"
EndProject
Project("{2150E333-8FDC-42A3-9474-1A3956D46DE8}") = "EventBusRegistration", "EventBusRegistration", "{2A4996FD-90A7-419A-953C-6C58D1460EE9}"
EndProject
Project("{2150E333-8FDC-42A3-9474-1A3956D46DE8}") = "EventBusServiceBus", "EventBusServiceBus", "{621A4189-F7ED-4E24-8A48-A3FB7B3DBBFB}"
EndProject
Project("{2150E333-8FDC-42A3-9474-1A3956D46DE8}") = "IntegrationEventLogEF", "IntegrationEventLogEF", "{27CA84AF-D534-4649-8790-99E11638272E}"
EndProject
Project("{9A19103F-16F7-4668-BE54-9A1E7A4F7556}") = "EventBus", "BuildingBlocks\EventBus\EventBus\EventBus.csproj", "{3A025AA9-0978-4922-B647-D2859095712A}"
EndProject
Project("{9A19103F-16F7-4668-BE54-9A1E7A4F7556}") = "EventBusRabbitMQ", "BuildingBlocks\EventBus\EventBusRabbitMQ\EventBusRabbitMQ.csproj", "{8864235D-810D-45CF-9C31-7044487CD301}"
EndProject
Project("{9A19103F-16F7-4668-BE54-9A1E7A4F7556}") = "EventBusRegistration", "BuildingBlocks\EventBus\EventBusRegistration\EventBusRegistration.csproj", "{019F4F1A-2495-44D0-BF7F-FBEA3634B199}"
EndProject
Project("{9A19103F-16F7-4668-BE54-9A1E7A4F7556}") = "EventBusServiceBus", "BuildingBlocks\EventBus\EventBusServiceBus\EventBusServiceBus.csproj", "{54F2C159-8392-4928-8CF5-40890A497075}"
EndProject
Project("{9A19103F-16F7-4668-BE54-9A1E7A4F7556}") = "IntegrationEventLogEF", "BuildingBlocks\EventBus\IntegrationEventLogEF\IntegrationEventLogEF.csproj", "{C27F52B2-C869-4AD5-BAD9-432D13733EE7}"
EndProject
Project("{2150E333-8FDC-42A3-9474-1A3956D46DE8}") = "WebHost.Customization", "WebHost.Customization", "{2B6BE07D-A5ED-4A15-A533-8AC6E9A33A7A}"
EndProject
Project("{9A19103F-16F7-4668-BE54-9A1E7A4F7556}") = "WebHost.Customization", "BuildingBlocks\WebHost.Customization\WebHost.Customization.csproj", "{891F1B4B-D80F-48F0-B866-B59029AFFA15}"
EndProject
Project("{9A19103F-16F7-4668-BE54-9A1E7A4F7556}") = "CabGroupService", "CabGroupService\CabGroupService.csproj", "{FD5FC85B-8701-4E3F-8768-DBC9AEEFCBC8}"
EndProject
Global
	GlobalSection(SolutionConfigurationPlatforms) = preSolution
		Debug|Any CPU = Debug|Any CPU
		Release|Any CPU = Release|Any CPU
	EndGlobalSection
	GlobalSection(ProjectConfigurationPlatforms) = postSolution
		{3A025AA9-0978-4922-B647-D2859095712A}.Debug|Any CPU.ActiveCfg = Debug|Any CPU
		{3A025AA9-0978-4922-B647-D2859095712A}.Debug|Any CPU.Build.0 = Debug|Any CPU
		{3A025AA9-0978-4922-B647-D2859095712A}.Release|Any CPU.ActiveCfg = Release|Any CPU
		{3A025AA9-0978-4922-B647-D2859095712A}.Release|Any CPU.Build.0 = Release|Any CPU
		{8864235D-810D-45CF-9C31-7044487CD301}.Debug|Any CPU.ActiveCfg = Debug|Any CPU
		{8864235D-810D-45CF-9C31-7044487CD301}.Debug|Any CPU.Build.0 = Debug|Any CPU
		{8864235D-810D-45CF-9C31-7044487CD301}.Release|Any CPU.ActiveCfg = Release|Any CPU
		{8864235D-810D-45CF-9C31-7044487CD301}.Release|Any CPU.Build.0 = Release|Any CPU
		{019F4F1A-2495-44D0-BF7F-FBEA3634B199}.Debug|Any CPU.ActiveCfg = Debug|Any CPU
		{019F4F1A-2495-44D0-BF7F-FBEA3634B199}.Debug|Any CPU.Build.0 = Debug|Any CPU
		{019F4F1A-2495-44D0-BF7F-FBEA3634B199}.Release|Any CPU.ActiveCfg = Release|Any CPU
		{019F4F1A-2495-44D0-BF7F-FBEA3634B199}.Release|Any CPU.Build.0 = Release|Any CPU
		{54F2C159-8392-4928-8CF5-40890A497075}.Debug|Any CPU.ActiveCfg = Debug|Any CPU
		{54F2C159-8392-4928-8CF5-40890A497075}.Debug|Any CPU.Build.0 = Debug|Any CPU
		{54F2C159-8392-4928-8CF5-40890A497075}.Release|Any CPU.ActiveCfg = Release|Any CPU
		{54F2C159-8392-4928-8CF5-40890A497075}.Release|Any CPU.Build.0 = Release|Any CPU
		{C27F52B2-C869-4AD5-BAD9-432D13733EE7}.Debug|Any CPU.ActiveCfg = Debug|Any CPU
		{C27F52B2-C869-4AD5-BAD9-432D13733EE7}.Debug|Any CPU.Build.0 = Debug|Any CPU
		{C27F52B2-C869-4AD5-BAD9-432D13733EE7}.Release|Any CPU.ActiveCfg = Release|Any CPU
		{C27F52B2-C869-4AD5-BAD9-432D13733EE7}.Release|Any CPU.Build.0 = Release|Any CPU
		{891F1B4B-D80F-48F0-B866-B59029AFFA15}.Debug|Any CPU.ActiveCfg = Debug|Any CPU
		{891F1B4B-D80F-48F0-B866-B59029AFFA15}.Debug|Any CPU.Build.0 = Debug|Any CPU
		{891F1B4B-D80F-48F0-B866-B59029AFFA15}.Release|Any CPU.ActiveCfg = Release|Any CPU
		{891F1B4B-D80F-48F0-B866-B59029AFFA15}.Release|Any CPU.Build.0 = Release|Any CPU
		{FD5FC85B-8701-4E3F-8768-DBC9AEEFCBC8}.Debug|Any CPU.ActiveCfg = Debug|Any CPU
		{FD5FC85B-8701-4E3F-8768-DBC9AEEFCBC8}.Debug|Any CPU.Build.0 = Debug|Any CPU
		{FD5FC85B-8701-4E3F-8768-DBC9AEEFCBC8}.Release|Any CPU.ActiveCfg = Release|Any CPU
		{FD5FC85B-8701-4E3F-8768-DBC9AEEFCBC8}.Release|Any CPU.Build.0 = Release|Any CPU
	EndGlobalSection
	GlobalSection(SolutionProperties) = preSolution
		HideSolutionNode = FALSE
	EndGlobalSection
	GlobalSection(NestedProjects) = preSolution
		{0C9B18EC-6EBA-4A53-96AC-EAF2883B9A57} = {DBD9943D-4BD8-4248-A388-7E6385B1BCBB}
		{C1DDAB36-C3C9-4956-A3B3-0328D207920D} = {0C9B18EC-6EBA-4A53-96AC-EAF2883B9A57}
		{C4B29CBD-32DF-4D10-A76C-62333368231D} = {0C9B18EC-6EBA-4A53-96AC-EAF2883B9A57}
		{2A4996FD-90A7-419A-953C-6C58D1460EE9} = {0C9B18EC-6EBA-4A53-96AC-EAF2883B9A57}
		{621A4189-F7ED-4E24-8A48-A3FB7B3DBBFB} = {0C9B18EC-6EBA-4A53-96AC-EAF2883B9A57}
		{27CA84AF-D534-4649-8790-99E11638272E} = {0C9B18EC-6EBA-4A53-96AC-EAF2883B9A57}
		{3A025AA9-0978-4922-B647-D2859095712A} = {C1DDAB36-C3C9-4956-A3B3-0328D207920D}
		{8864235D-810D-45CF-9C31-7044487CD301} = {C4B29CBD-32DF-4D10-A76C-62333368231D}
		{019F4F1A-2495-44D0-BF7F-FBEA3634B199} = {2A4996FD-90A7-419A-953C-6C58D1460EE9}
		{54F2C159-8392-4928-8CF5-40890A497075} = {621A4189-F7ED-4E24-8A48-A3FB7B3DBBFB}
		{C27F52B2-C869-4AD5-BAD9-432D13733EE7} = {27CA84AF-D534-4649-8790-99E11638272E}
		{2B6BE07D-A5ED-4A15-A533-8AC6E9A33A7A} = {DBD9943D-4BD8-4248-A388-7E6385B1BCBB}
		{891F1B4B-D80F-48F0-B866-B59029AFFA15} = {2B6BE07D-A5ED-4A15-A533-8AC6E9A33A7A}
	EndGlobalSection
	GlobalSection(ExtensibilityGlobals) = postSolution
		SolutionGuid = {297F06A3-4D13-4282-AF84-72AD22F6B3C4}
	EndGlobalSection
EndGlobal
