
Microsoft Visual Studio Solution File, Format Version 12.00
# Visual Studio Version 17
VisualStudioVersion = 17.7.34009.444
MinimumVisualStudioVersion = 10.0.40219.1
Project("{2150E333-8FDC-42A3-9474-1A3956D46DE8}") = "BuildingBlocks", "BuildingBlocks", "{E9A7F14F-5F23-4689-A1F6-E617FB6B7E84}"
EndProject
Project("{2150E333-8FDC-42A3-9474-1A3956D46DE8}") = "EventBus", "EventBus", "{525D0FE0-6043-4890-A0D3-63966982C620}"
EndProject
Project("{9A19103F-16F7-4668-BE54-9A1E7A4F7556}") = "EventBus", "BuildingBlocks\EventBus\EventBus\EventBus.csproj", "{8C0BA38D-CDF8-46C2-A346-E7C70CD518E9}"
EndProject
Project("{9A19103F-16F7-4668-BE54-9A1E7A4F7556}") = "EventBusRabbitMQ", "BuildingBlocks\EventBus\EventBusRabbitMQ\EventBusRabbitMQ.csproj", "{55FDE642-AE81-49FC-9B21-D15C1DD31F9A}"
EndProject
Project("{9A19103F-16F7-4668-BE54-9A1E7A4F7556}") = "EventBusServiceBus", "BuildingBlocks\EventBus\EventBusServiceBus\EventBusServiceBus.csproj", "{6D5B669E-2FAC-4017-9610-ED23F02DDF3E}"
EndProject
Project("{9A19103F-16F7-4668-BE54-9A1E7A4F7556}") = "IntegrationEventLogEF", "BuildingBlocks\EventBus\IntegrationEventLogEF\IntegrationEventLogEF.csproj", "{AA8AD1D6-DFA2-483F-9F48-A5A142C65A91}"
EndProject
Project("{9A19103F-16F7-4668-BE54-9A1E7A4F7556}") = "EventBusRegistration", "BuildingBlocks\EventBus\EventBusRegistration\EventBusRegistration.csproj", "{9C48D15C-E70E-45F1-B052-8908C3BF49D5}"
EndProject
Project("{2150E333-8FDC-42A3-9474-1A3956D46DE8}") = "WebHostCustomization", "WebHostCustomization", "{7D1F4EB0-4F21-4D7B-917A-54E56963934E}"
EndProject
Project("{9A19103F-16F7-4668-BE54-9A1E7A4F7556}") = "WebHost.Customization", "BuildingBlocks\WebHostCustomization\WebHost.Customization\WebHost.Customization.csproj", "{E2F958F8-027D-4B96-AB76-C6C7E1455D60}"
EndProject
Project("{9A19103F-16F7-4668-BE54-9A1E7A4F7556}") = "CabIdentityService", "CabIdentityService\CabIdentityService.csproj", "{8271576D-2D50-4C94-80C2-A4AE6D347608}"
EndProject
Global
	GlobalSection(SolutionConfigurationPlatforms) = preSolution
		Debug|Any CPU = Debug|Any CPU
		Debug|x64 = Debug|x64
		Debug|x86 = Debug|x86
		Release|Any CPU = Release|Any CPU
		Release|x64 = Release|x64
		Release|x86 = Release|x86
	EndGlobalSection
	GlobalSection(ProjectConfigurationPlatforms) = postSolution
		{8C0BA38D-CDF8-46C2-A346-E7C70CD518E9}.Debug|Any CPU.ActiveCfg = Debug|Any CPU
		{8C0BA38D-CDF8-46C2-A346-E7C70CD518E9}.Debug|Any CPU.Build.0 = Debug|Any CPU
		{8C0BA38D-CDF8-46C2-A346-E7C70CD518E9}.Debug|x64.ActiveCfg = Debug|Any CPU
		{8C0BA38D-CDF8-46C2-A346-E7C70CD518E9}.Debug|x64.Build.0 = Debug|Any CPU
		{8C0BA38D-CDF8-46C2-A346-E7C70CD518E9}.Debug|x86.ActiveCfg = Debug|Any CPU
		{8C0BA38D-CDF8-46C2-A346-E7C70CD518E9}.Debug|x86.Build.0 = Debug|Any CPU
		{8C0BA38D-CDF8-46C2-A346-E7C70CD518E9}.Release|Any CPU.ActiveCfg = Release|Any CPU
		{8C0BA38D-CDF8-46C2-A346-E7C70CD518E9}.Release|Any CPU.Build.0 = Release|Any CPU
		{8C0BA38D-CDF8-46C2-A346-E7C70CD518E9}.Release|x64.ActiveCfg = Release|Any CPU
		{8C0BA38D-CDF8-46C2-A346-E7C70CD518E9}.Release|x64.Build.0 = Release|Any CPU
		{8C0BA38D-CDF8-46C2-A346-E7C70CD518E9}.Release|x86.ActiveCfg = Release|Any CPU
		{8C0BA38D-CDF8-46C2-A346-E7C70CD518E9}.Release|x86.Build.0 = Release|Any CPU
		{55FDE642-AE81-49FC-9B21-D15C1DD31F9A}.Debug|Any CPU.ActiveCfg = Debug|Any CPU
		{55FDE642-AE81-49FC-9B21-D15C1DD31F9A}.Debug|Any CPU.Build.0 = Debug|Any CPU
		{55FDE642-AE81-49FC-9B21-D15C1DD31F9A}.Debug|x64.ActiveCfg = Debug|Any CPU
		{55FDE642-AE81-49FC-9B21-D15C1DD31F9A}.Debug|x64.Build.0 = Debug|Any CPU
		{55FDE642-AE81-49FC-9B21-D15C1DD31F9A}.Debug|x86.ActiveCfg = Debug|Any CPU
		{55FDE642-AE81-49FC-9B21-D15C1DD31F9A}.Debug|x86.Build.0 = Debug|Any CPU
		{55FDE642-AE81-49FC-9B21-D15C1DD31F9A}.Release|Any CPU.ActiveCfg = Release|Any CPU
		{55FDE642-AE81-49FC-9B21-D15C1DD31F9A}.Release|Any CPU.Build.0 = Release|Any CPU
		{55FDE642-AE81-49FC-9B21-D15C1DD31F9A}.Release|x64.ActiveCfg = Release|Any CPU
		{55FDE642-AE81-49FC-9B21-D15C1DD31F9A}.Release|x64.Build.0 = Release|Any CPU
		{55FDE642-AE81-49FC-9B21-D15C1DD31F9A}.Release|x86.ActiveCfg = Release|Any CPU
		{55FDE642-AE81-49FC-9B21-D15C1DD31F9A}.Release|x86.Build.0 = Release|Any CPU
		{6D5B669E-2FAC-4017-9610-ED23F02DDF3E}.Debug|Any CPU.ActiveCfg = Debug|Any CPU
		{6D5B669E-2FAC-4017-9610-ED23F02DDF3E}.Debug|Any CPU.Build.0 = Debug|Any CPU
		{6D5B669E-2FAC-4017-9610-ED23F02DDF3E}.Debug|x64.ActiveCfg = Debug|Any CPU
		{6D5B669E-2FAC-4017-9610-ED23F02DDF3E}.Debug|x64.Build.0 = Debug|Any CPU
		{6D5B669E-2FAC-4017-9610-ED23F02DDF3E}.Debug|x86.ActiveCfg = Debug|Any CPU
		{6D5B669E-2FAC-4017-9610-ED23F02DDF3E}.Debug|x86.Build.0 = Debug|Any CPU
		{6D5B669E-2FAC-4017-9610-ED23F02DDF3E}.Release|Any CPU.ActiveCfg = Release|Any CPU
		{6D5B669E-2FAC-4017-9610-ED23F02DDF3E}.Release|Any CPU.Build.0 = Release|Any CPU
		{6D5B669E-2FAC-4017-9610-ED23F02DDF3E}.Release|x64.ActiveCfg = Release|Any CPU
		{6D5B669E-2FAC-4017-9610-ED23F02DDF3E}.Release|x64.Build.0 = Release|Any CPU
		{6D5B669E-2FAC-4017-9610-ED23F02DDF3E}.Release|x86.ActiveCfg = Release|Any CPU
		{6D5B669E-2FAC-4017-9610-ED23F02DDF3E}.Release|x86.Build.0 = Release|Any CPU
		{AA8AD1D6-DFA2-483F-9F48-A5A142C65A91}.Debug|Any CPU.ActiveCfg = Debug|Any CPU
		{AA8AD1D6-DFA2-483F-9F48-A5A142C65A91}.Debug|Any CPU.Build.0 = Debug|Any CPU
		{AA8AD1D6-DFA2-483F-9F48-A5A142C65A91}.Debug|x64.ActiveCfg = Debug|Any CPU
		{AA8AD1D6-DFA2-483F-9F48-A5A142C65A91}.Debug|x64.Build.0 = Debug|Any CPU
		{AA8AD1D6-DFA2-483F-9F48-A5A142C65A91}.Debug|x86.ActiveCfg = Debug|Any CPU
		{AA8AD1D6-DFA2-483F-9F48-A5A142C65A91}.Debug|x86.Build.0 = Debug|Any CPU
		{AA8AD1D6-DFA2-483F-9F48-A5A142C65A91}.Release|Any CPU.ActiveCfg = Release|Any CPU
		{AA8AD1D6-DFA2-483F-9F48-A5A142C65A91}.Release|Any CPU.Build.0 = Release|Any CPU
		{AA8AD1D6-DFA2-483F-9F48-A5A142C65A91}.Release|x64.ActiveCfg = Release|Any CPU
		{AA8AD1D6-DFA2-483F-9F48-A5A142C65A91}.Release|x64.Build.0 = Release|Any CPU
		{AA8AD1D6-DFA2-483F-9F48-A5A142C65A91}.Release|x86.ActiveCfg = Release|Any CPU
		{AA8AD1D6-DFA2-483F-9F48-A5A142C65A91}.Release|x86.Build.0 = Release|Any CPU
		{9C48D15C-E70E-45F1-B052-8908C3BF49D5}.Debug|Any CPU.ActiveCfg = Debug|Any CPU
		{9C48D15C-E70E-45F1-B052-8908C3BF49D5}.Debug|Any CPU.Build.0 = Debug|Any CPU
		{9C48D15C-E70E-45F1-B052-8908C3BF49D5}.Debug|x64.ActiveCfg = Debug|Any CPU
		{9C48D15C-E70E-45F1-B052-8908C3BF49D5}.Debug|x64.Build.0 = Debug|Any CPU
		{9C48D15C-E70E-45F1-B052-8908C3BF49D5}.Debug|x86.ActiveCfg = Debug|Any CPU
		{9C48D15C-E70E-45F1-B052-8908C3BF49D5}.Debug|x86.Build.0 = Debug|Any CPU
		{9C48D15C-E70E-45F1-B052-8908C3BF49D5}.Release|Any CPU.ActiveCfg = Release|Any CPU
		{9C48D15C-E70E-45F1-B052-8908C3BF49D5}.Release|Any CPU.Build.0 = Release|Any CPU
		{9C48D15C-E70E-45F1-B052-8908C3BF49D5}.Release|x64.ActiveCfg = Release|Any CPU
		{9C48D15C-E70E-45F1-B052-8908C3BF49D5}.Release|x64.Build.0 = Release|Any CPU
		{9C48D15C-E70E-45F1-B052-8908C3BF49D5}.Release|x86.ActiveCfg = Release|Any CPU
		{9C48D15C-E70E-45F1-B052-8908C3BF49D5}.Release|x86.Build.0 = Release|Any CPU
		{E2F958F8-027D-4B96-AB76-C6C7E1455D60}.Debug|Any CPU.ActiveCfg = Debug|Any CPU
		{E2F958F8-027D-4B96-AB76-C6C7E1455D60}.Debug|Any CPU.Build.0 = Debug|Any CPU
		{E2F958F8-027D-4B96-AB76-C6C7E1455D60}.Debug|x64.ActiveCfg = Debug|Any CPU
		{E2F958F8-027D-4B96-AB76-C6C7E1455D60}.Debug|x64.Build.0 = Debug|Any CPU
		{E2F958F8-027D-4B96-AB76-C6C7E1455D60}.Debug|x86.ActiveCfg = Debug|Any CPU
		{E2F958F8-027D-4B96-AB76-C6C7E1455D60}.Debug|x86.Build.0 = Debug|Any CPU
		{E2F958F8-027D-4B96-AB76-C6C7E1455D60}.Release|Any CPU.ActiveCfg = Release|Any CPU
		{E2F958F8-027D-4B96-AB76-C6C7E1455D60}.Release|Any CPU.Build.0 = Release|Any CPU
		{E2F958F8-027D-4B96-AB76-C6C7E1455D60}.Release|x64.ActiveCfg = Release|Any CPU
		{E2F958F8-027D-4B96-AB76-C6C7E1455D60}.Release|x64.Build.0 = Release|Any CPU
		{E2F958F8-027D-4B96-AB76-C6C7E1455D60}.Release|x86.ActiveCfg = Release|Any CPU
		{E2F958F8-027D-4B96-AB76-C6C7E1455D60}.Release|x86.Build.0 = Release|Any CPU
		{8271576D-2D50-4C94-80C2-A4AE6D347608}.Debug|Any CPU.ActiveCfg = Debug|Any CPU
		{8271576D-2D50-4C94-80C2-A4AE6D347608}.Debug|Any CPU.Build.0 = Debug|Any CPU
		{8271576D-2D50-4C94-80C2-A4AE6D347608}.Debug|x64.ActiveCfg = Debug|Any CPU
		{8271576D-2D50-4C94-80C2-A4AE6D347608}.Debug|x64.Build.0 = Debug|Any CPU
		{8271576D-2D50-4C94-80C2-A4AE6D347608}.Debug|x86.ActiveCfg = Debug|Any CPU
		{8271576D-2D50-4C94-80C2-A4AE6D347608}.Debug|x86.Build.0 = Debug|Any CPU
		{8271576D-2D50-4C94-80C2-A4AE6D347608}.Release|Any CPU.ActiveCfg = Release|Any CPU
		{8271576D-2D50-4C94-80C2-A4AE6D347608}.Release|Any CPU.Build.0 = Release|Any CPU
		{8271576D-2D50-4C94-80C2-A4AE6D347608}.Release|x64.ActiveCfg = Release|Any CPU
		{8271576D-2D50-4C94-80C2-A4AE6D347608}.Release|x64.Build.0 = Release|Any CPU
		{8271576D-2D50-4C94-80C2-A4AE6D347608}.Release|x86.ActiveCfg = Release|Any CPU
		{8271576D-2D50-4C94-80C2-A4AE6D347608}.Release|x86.Build.0 = Release|Any CPU
	EndGlobalSection
	GlobalSection(SolutionProperties) = preSolution
		HideSolutionNode = FALSE
	EndGlobalSection
	GlobalSection(NestedProjects) = preSolution
		{525D0FE0-6043-4890-A0D3-63966982C620} = {E9A7F14F-5F23-4689-A1F6-E617FB6B7E84}
		{8C0BA38D-CDF8-46C2-A346-E7C70CD518E9} = {525D0FE0-6043-4890-A0D3-63966982C620}
		{55FDE642-AE81-49FC-9B21-D15C1DD31F9A} = {525D0FE0-6043-4890-A0D3-63966982C620}
		{6D5B669E-2FAC-4017-9610-ED23F02DDF3E} = {525D0FE0-6043-4890-A0D3-63966982C620}
		{AA8AD1D6-DFA2-483F-9F48-A5A142C65A91} = {525D0FE0-6043-4890-A0D3-63966982C620}
		{9C48D15C-E70E-45F1-B052-8908C3BF49D5} = {525D0FE0-6043-4890-A0D3-63966982C620}
		{7D1F4EB0-4F21-4D7B-917A-54E56963934E} = {E9A7F14F-5F23-4689-A1F6-E617FB6B7E84}
		{E2F958F8-027D-4B96-AB76-C6C7E1455D60} = {7D1F4EB0-4F21-4D7B-917A-54E56963934E}
	EndGlobalSection
	GlobalSection(ExtensibilityGlobals) = postSolution
		SolutionGuid = {A62864D9-458A-4EC8-80EC-B0CFBC51A5AC}
	EndGlobalSection
EndGlobal
